
Microsoft Visual Studio Solution File, Format Version 12.00
# Visual Studio Version 17
VisualStudioVersion = 17.9.34728.123
MinimumVisualStudioVersion = 10.0.40219.1
Project("{FAE04EC0-301F-11D3-BF4B-00C04F79EFBC}") = "kjhhb", "kjhhb\kjhhb.csproj", "{8E985A4D-52AB-4AC7-B895-E0383406843C}"
EndProject
Global
	GlobalSection(SolutionConfigurationPlatforms) = preSolution
		Debug|Any CPU = Debug|Any CPU
		Release|Any CPU = Release|Any CPU
	EndGlobalSection
	GlobalSection(ProjectConfigurationPlatforms) = postSolution
		{8E985A4D-52AB-4AC7-B895-E0383406843C}.Debug|Any CPU.ActiveCfg = Debug|Any CPU
		{8E985A4D-52AB-4AC7-B895-E0383406843C}.Debug|Any CPU.Build.0 = Debug|Any CPU
		{8E985A4D-52AB-4AC7-B895-E0383406843C}.Release|Any CPU.ActiveCfg = Release|Any CPU
		{8E985A4D-52AB-4AC7-B895-E0383406843C}.Release|Any CPU.Build.0 = Release|Any CPU
	EndGlobalSection
	GlobalSection(SolutionProperties) = preSolution
		HideSolutionNode = FALSE
	EndGlobalSection
	GlobalSection(ExtensibilityGlobals) = postSolution
		SolutionGuid = {67A05819-BDDC-41AC-A218-4C0874B12DEE}
	EndGlobalSection
EndGlobal
